
Microsoft Visual Studio Solution File, Format Version 12.00
# Visual Studio 2013
VisualStudioVersion = 12.0.30723.0
MinimumVisualStudioVersion = 10.0.40219.1
Project("{8BC9CEB8-8B4A-11D0-8D11-00A0C91BC942}") = "PostfixCalculator", "PostfixCalculator\PostfixCalculator.vcxproj", "{5263B5BF-6E7D-4A96-B770-1F1190ADEF51}"
EndProject
Project("{8BC9CEB8-8B4A-11D0-8D11-00A0C91BC942}") = "GameOfLife", "GameOfLife\GameOfLife.vcxproj", "{8EB888B1-47AD-4AFD-87C5-2AF878CD25CF}"
EndProject
Project("{8BC9CEB8-8B4A-11D0-8D11-00A0C91BC942}") = "AirportSimulator", "AirportSimulator\AirportSimulator.vcxproj", "{F2FD2F11-C2F7-40CC-8050-01EE747D3CC0}"
EndProject
Project("{8BC9CEB8-8B4A-11D0-8D11-00A0C91BC942}") = "MyClassesLib", "MyClassesLib\MyClassesLib.vcxproj", "{DD5A4BCA-C5C6-4E00-B7F3-EAB35BCE52B0}"
EndProject
Project("{8BC9CEB8-8B4A-11D0-8D11-00A0C91BC942}") = "TestClasses", "TestClasses\TestClasses.vcxproj", "{FBC867F3-D2CA-4BE7-98F0-B3A647C85E3B}"
EndProject
Project("{8BC9CEB8-8B4A-11D0-8D11-00A0C91BC942}") = "SSA_TestBed", "SSA_TestBed\SSA_TestBed.vcxproj", "{0C7D8615-8B0C-4F36-8C44-E607C9DA4EAC}"
EndProject
Global
	GlobalSection(SolutionConfigurationPlatforms) = preSolution
		Debug|Win32 = Debug|Win32
		Release|Win32 = Release|Win32
	EndGlobalSection
	GlobalSection(ProjectConfigurationPlatforms) = postSolution
		{5263B5BF-6E7D-4A96-B770-1F1190ADEF51}.Debug|Win32.ActiveCfg = Debug|Win32
		{5263B5BF-6E7D-4A96-B770-1F1190ADEF51}.Debug|Win32.Build.0 = Debug|Win32
		{5263B5BF-6E7D-4A96-B770-1F1190ADEF51}.Release|Win32.ActiveCfg = Release|Win32
		{5263B5BF-6E7D-4A96-B770-1F1190ADEF51}.Release|Win32.Build.0 = Release|Win32
		{8EB888B1-47AD-4AFD-87C5-2AF878CD25CF}.Debug|Win32.ActiveCfg = Debug|Win32
		{8EB888B1-47AD-4AFD-87C5-2AF878CD25CF}.Debug|Win32.Build.0 = Debug|Win32
		{8EB888B1-47AD-4AFD-87C5-2AF878CD25CF}.Release|Win32.ActiveCfg = Release|Win32
		{8EB888B1-47AD-4AFD-87C5-2AF878CD25CF}.Release|Win32.Build.0 = Release|Win32
		{F2FD2F11-C2F7-40CC-8050-01EE747D3CC0}.Debug|Win32.ActiveCfg = Debug|Win32
		{F2FD2F11-C2F7-40CC-8050-01EE747D3CC0}.Debug|Win32.Build.0 = Debug|Win32
		{F2FD2F11-C2F7-40CC-8050-01EE747D3CC0}.Release|Win32.ActiveCfg = Release|Win32
		{F2FD2F11-C2F7-40CC-8050-01EE747D3CC0}.Release|Win32.Build.0 = Release|Win32
		{DD5A4BCA-C5C6-4E00-B7F3-EAB35BCE52B0}.Debug|Win32.ActiveCfg = Debug|Win32
		{DD5A4BCA-C5C6-4E00-B7F3-EAB35BCE52B0}.Debug|Win32.Build.0 = Debug|Win32
		{DD5A4BCA-C5C6-4E00-B7F3-EAB35BCE52B0}.Release|Win32.ActiveCfg = Release|Win32
		{DD5A4BCA-C5C6-4E00-B7F3-EAB35BCE52B0}.Release|Win32.Build.0 = Release|Win32
		{FBC867F3-D2CA-4BE7-98F0-B3A647C85E3B}.Debug|Win32.ActiveCfg = Debug|Win32
		{FBC867F3-D2CA-4BE7-98F0-B3A647C85E3B}.Debug|Win32.Build.0 = Debug|Win32
		{FBC867F3-D2CA-4BE7-98F0-B3A647C85E3B}.Release|Win32.ActiveCfg = Release|Win32
		{FBC867F3-D2CA-4BE7-98F0-B3A647C85E3B}.Release|Win32.Build.0 = Release|Win32
		{0C7D8615-8B0C-4F36-8C44-E607C9DA4EAC}.Debug|Win32.ActiveCfg = Debug|Win32
		{0C7D8615-8B0C-4F36-8C44-E607C9DA4EAC}.Debug|Win32.Build.0 = Debug|Win32
		{0C7D8615-8B0C-4F36-8C44-E607C9DA4EAC}.Release|Win32.ActiveCfg = Release|Win32
		{0C7D8615-8B0C-4F36-8C44-E607C9DA4EAC}.Release|Win32.Build.0 = Release|Win32
	EndGlobalSection
	GlobalSection(SolutionProperties) = preSolution
		HideSolutionNode = FALSE
	EndGlobalSection
EndGlobal
